
Microsoft Visual Studio Solution File, Format Version 12.00
# Visual Studio 15
VisualStudioVersion = 15.0.28307.329
MinimumVisualStudioVersion = 10.0.40219.1
Project("{FAE04EC0-301F-11D3-BF4B-00C04F79EFBC}") = "XamarinApplicationV3.Android", "XamarinApplicationV3\XamarinApplicationV3.Android\XamarinApplicationV3.Android.csproj", "{FA7AECE7-D11E-4963-9D0C-89A8BAC4299D}"
EndProject
Project("{FAE04EC0-301F-11D3-BF4B-00C04F79EFBC}") = "XamarinApplicationV3.iOS", "XamarinApplicationV3\XamarinApplicationV3.iOS\XamarinApplicationV3.iOS.csproj", "{0D71A960-CDD4-421F-96E4-BF8000990109}"
EndProject
Project("{9A19103F-16F7-4668-BE54-9A1E7A4F7556}") = "XamarinApplicationV3", "XamarinApplicationV3\XamarinApplicationV3\XamarinApplicationV3.csproj", "{8AB6BDA5-C218-4F1C-B87B-6D0655EEC062}"
EndProject
Global
	GlobalSection(SolutionConfigurationPlatforms) = preSolution
		Ad-Hoc|Any CPU = Ad-Hoc|Any CPU
		Ad-Hoc|iPhone = Ad-Hoc|iPhone
		Ad-Hoc|iPhoneSimulator = Ad-Hoc|iPhoneSimulator
		AppStore|Any CPU = AppStore|Any CPU
		AppStore|iPhone = AppStore|iPhone
		AppStore|iPhoneSimulator = AppStore|iPhoneSimulator
		Debug|Any CPU = Debug|Any CPU
		Debug|iPhone = Debug|iPhone
		Debug|iPhoneSimulator = Debug|iPhoneSimulator
		Release|Any CPU = Release|Any CPU
		Release|iPhone = Release|iPhone
		Release|iPhoneSimulator = Release|iPhoneSimulator
	EndGlobalSection
	GlobalSection(ProjectConfigurationPlatforms) = postSolution
		{FA7AECE7-D11E-4963-9D0C-89A8BAC4299D}.Ad-Hoc|Any CPU.ActiveCfg = Release|Any CPU
		{FA7AECE7-D11E-4963-9D0C-89A8BAC4299D}.Ad-Hoc|Any CPU.Build.0 = Release|Any CPU
		{FA7AECE7-D11E-4963-9D0C-89A8BAC4299D}.Ad-Hoc|Any CPU.Deploy.0 = Release|Any CPU
		{FA7AECE7-D11E-4963-9D0C-89A8BAC4299D}.Ad-Hoc|iPhone.ActiveCfg = Release|Any CPU
		{FA7AECE7-D11E-4963-9D0C-89A8BAC4299D}.Ad-Hoc|iPhone.Build.0 = Release|Any CPU
		{FA7AECE7-D11E-4963-9D0C-89A8BAC4299D}.Ad-Hoc|iPhone.Deploy.0 = Release|Any CPU
		{FA7AECE7-D11E-4963-9D0C-89A8BAC4299D}.Ad-Hoc|iPhoneSimulator.ActiveCfg = Release|Any CPU
		{FA7AECE7-D11E-4963-9D0C-89A8BAC4299D}.Ad-Hoc|iPhoneSimulator.Build.0 = Release|Any CPU
		{FA7AECE7-D11E-4963-9D0C-89A8BAC4299D}.Ad-Hoc|iPhoneSimulator.Deploy.0 = Release|Any CPU
		{FA7AECE7-D11E-4963-9D0C-89A8BAC4299D}.AppStore|Any CPU.ActiveCfg = Release|Any CPU
		{FA7AECE7-D11E-4963-9D0C-89A8BAC4299D}.AppStore|Any CPU.Build.0 = Release|Any CPU
		{FA7AECE7-D11E-4963-9D0C-89A8BAC4299D}.AppStore|Any CPU.Deploy.0 = Release|Any CPU
		{FA7AECE7-D11E-4963-9D0C-89A8BAC4299D}.AppStore|iPhone.ActiveCfg = Release|Any CPU
		{FA7AECE7-D11E-4963-9D0C-89A8BAC4299D}.AppStore|iPhone.Build.0 = Release|Any CPU
		{FA7AECE7-D11E-4963-9D0C-89A8BAC4299D}.AppStore|iPhone.Deploy.0 = Release|Any CPU
		{FA7AECE7-D11E-4963-9D0C-89A8BAC4299D}.AppStore|iPhoneSimulator.ActiveCfg = Release|Any CPU
		{FA7AECE7-D11E-4963-9D0C-89A8BAC4299D}.AppStore|iPhoneSimulator.Build.0 = Release|Any CPU
		{FA7AECE7-D11E-4963-9D0C-89A8BAC4299D}.AppStore|iPhoneSimulator.Deploy.0 = Release|Any CPU
		{FA7AECE7-D11E-4963-9D0C-89A8BAC4299D}.Debug|Any CPU.ActiveCfg = Debug|Any CPU
		{FA7AECE7-D11E-4963-9D0C-89A8BAC4299D}.Debug|Any CPU.Build.0 = Debug|Any CPU
		{FA7AECE7-D11E-4963-9D0C-89A8BAC4299D}.Debug|Any CPU.Deploy.0 = Debug|Any CPU
		{FA7AECE7-D11E-4963-9D0C-89A8BAC4299D}.Debug|iPhone.ActiveCfg = Debug|Any CPU
		{FA7AECE7-D11E-4963-9D0C-89A8BAC4299D}.Debug|iPhone.Build.0 = Debug|Any CPU
		{FA7AECE7-D11E-4963-9D0C-89A8BAC4299D}.Debug|iPhone.Deploy.0 = Debug|Any CPU
		{FA7AECE7-D11E-4963-9D0C-89A8BAC4299D}.Debug|iPhoneSimulator.ActiveCfg = Debug|Any CPU
		{FA7AECE7-D11E-4963-9D0C-89A8BAC4299D}.Debug|iPhoneSimulator.Build.0 = Debug|Any CPU
		{FA7AECE7-D11E-4963-9D0C-89A8BAC4299D}.Debug|iPhoneSimulator.Deploy.0 = Debug|Any CPU
		{FA7AECE7-D11E-4963-9D0C-89A8BAC4299D}.Release|Any CPU.ActiveCfg = Release|Any CPU
		{FA7AECE7-D11E-4963-9D0C-89A8BAC4299D}.Release|Any CPU.Build.0 = Release|Any CPU
		{FA7AECE7-D11E-4963-9D0C-89A8BAC4299D}.Release|Any CPU.Deploy.0 = Release|Any CPU
		{FA7AECE7-D11E-4963-9D0C-89A8BAC4299D}.Release|iPhone.ActiveCfg = Release|Any CPU
		{FA7AECE7-D11E-4963-9D0C-89A8BAC4299D}.Release|iPhone.Build.0 = Release|Any CPU
		{FA7AECE7-D11E-4963-9D0C-89A8BAC4299D}.Release|iPhone.Deploy.0 = Release|Any CPU
		{FA7AECE7-D11E-4963-9D0C-89A8BAC4299D}.Release|iPhoneSimulator.ActiveCfg = Release|Any CPU
		{FA7AECE7-D11E-4963-9D0C-89A8BAC4299D}.Release|iPhoneSimulator.Build.0 = Release|Any CPU
		{FA7AECE7-D11E-4963-9D0C-89A8BAC4299D}.Release|iPhoneSimulator.Deploy.0 = Release|Any CPU
		{0D71A960-CDD4-421F-96E4-BF8000990109}.Ad-Hoc|Any CPU.ActiveCfg = Ad-Hoc|iPhone
		{0D71A960-CDD4-421F-96E4-BF8000990109}.Ad-Hoc|Any CPU.Build.0 = Ad-Hoc|iPhone
		{0D71A960-CDD4-421F-96E4-BF8000990109}.Ad-Hoc|Any CPU.Deploy.0 = Ad-Hoc|iPhone
		{0D71A960-CDD4-421F-96E4-BF8000990109}.Ad-Hoc|iPhone.ActiveCfg = Ad-Hoc|iPhone
		{0D71A960-CDD4-421F-96E4-BF8000990109}.Ad-Hoc|iPhone.Build.0 = Ad-Hoc|iPhone
		{0D71A960-CDD4-421F-96E4-BF8000990109}.Ad-Hoc|iPhone.Deploy.0 = Ad-Hoc|iPhone
		{0D71A960-CDD4-421F-96E4-BF8000990109}.Ad-Hoc|iPhoneSimulator.ActiveCfg = Ad-Hoc|iPhoneSimulator
		{0D71A960-CDD4-421F-96E4-BF8000990109}.Ad-Hoc|iPhoneSimulator.Build.0 = Ad-Hoc|iPhoneSimulator
		{0D71A960-CDD4-421F-96E4-BF8000990109}.Ad-Hoc|iPhoneSimulator.Deploy.0 = Ad-Hoc|iPhoneSimulator
		{0D71A960-CDD4-421F-96E4-BF8000990109}.AppStore|Any CPU.ActiveCfg = AppStore|iPhone
		{0D71A960-CDD4-421F-96E4-BF8000990109}.AppStore|Any CPU.Build.0 = AppStore|iPhone
		{0D71A960-CDD4-421F-96E4-BF8000990109}.AppStore|Any CPU.Deploy.0 = AppStore|iPhone
		{0D71A960-CDD4-421F-96E4-BF8000990109}.AppStore|iPhone.ActiveCfg = AppStore|iPhone
		{0D71A960-CDD4-421F-96E4-BF8000990109}.AppStore|iPhone.Build.0 = AppStore|iPhone
		{0D71A960-CDD4-421F-96E4-BF8000990109}.AppStore|iPhone.Deploy.0 = AppStore|iPhone
		{0D71A960-CDD4-421F-96E4-BF8000990109}.AppStore|iPhoneSimulator.ActiveCfg = AppStore|iPhoneSimulator
		{0D71A960-CDD4-421F-96E4-BF8000990109}.AppStore|iPhoneSimulator.Build.0 = AppStore|iPhoneSimulator
		{0D71A960-CDD4-421F-96E4-BF8000990109}.AppStore|iPhoneSimulator.Deploy.0 = AppStore|iPhoneSimulator
		{0D71A960-CDD4-421F-96E4-BF8000990109}.Debug|Any CPU.ActiveCfg = Debug|iPhoneSimulator
		{0D71A960-CDD4-421F-96E4-BF8000990109}.Debug|Any CPU.Build.0 = Debug|iPhoneSimulator
		{0D71A960-CDD4-421F-96E4-BF8000990109}.Debug|Any CPU.Deploy.0 = Debug|iPhoneSimulator
		{0D71A960-CDD4-421F-96E4-BF8000990109}.Debug|iPhone.ActiveCfg = Debug|iPhone
		{0D71A960-CDD4-421F-96E4-BF8000990109}.Debug|iPhone.Build.0 = Debug|iPhone
		{0D71A960-CDD4-421F-96E4-BF8000990109}.Debug|iPhone.Deploy.0 = Debug|iPhone
		{0D71A960-CDD4-421F-96E4-BF8000990109}.Debug|iPhoneSimulator.ActiveCfg = Debug|iPhoneSimulator
		{0D71A960-CDD4-421F-96E4-BF8000990109}.Debug|iPhoneSimulator.Build.0 = Debug|iPhoneSimulator
		{0D71A960-CDD4-421F-96E4-BF8000990109}.Debug|iPhoneSimulator.Deploy.0 = Debug|iPhoneSimulator
		{0D71A960-CDD4-421F-96E4-BF8000990109}.Release|Any CPU.ActiveCfg = Release|iPhone
		{0D71A960-CDD4-421F-96E4-BF8000990109}.Release|Any CPU.Build.0 = Release|iPhone
		{0D71A960-CDD4-421F-96E4-BF8000990109}.Release|Any CPU.Deploy.0 = Release|iPhone
		{0D71A960-CDD4-421F-96E4-BF8000990109}.Release|iPhone.ActiveCfg = Release|iPhone
		{0D71A960-CDD4-421F-96E4-BF8000990109}.Release|iPhone.Build.0 = Release|iPhone
		{0D71A960-CDD4-421F-96E4-BF8000990109}.Release|iPhone.Deploy.0 = Release|iPhone
		{0D71A960-CDD4-421F-96E4-BF8000990109}.Release|iPhoneSimulator.ActiveCfg = Release|iPhoneSimulator
		{0D71A960-CDD4-421F-96E4-BF8000990109}.Release|iPhoneSimulator.Build.0 = Release|iPhoneSimulator
		{0D71A960-CDD4-421F-96E4-BF8000990109}.Release|iPhoneSimulator.Deploy.0 = Release|iPhoneSimulator
		{8AB6BDA5-C218-4F1C-B87B-6D0655EEC062}.Ad-Hoc|Any CPU.ActiveCfg = Debug|Any CPU
		{8AB6BDA5-C218-4F1C-B87B-6D0655EEC062}.Ad-Hoc|Any CPU.Build.0 = Debug|Any CPU
		{8AB6BDA5-C218-4F1C-B87B-6D0655EEC062}.Ad-Hoc|Any CPU.Deploy.0 = Debug|Any CPU
		{8AB6BDA5-C218-4F1C-B87B-6D0655EEC062}.Ad-Hoc|iPhone.ActiveCfg = Debug|Any CPU
		{8AB6BDA5-C218-4F1C-B87B-6D0655EEC062}.Ad-Hoc|iPhone.Build.0 = Debug|Any CPU
		{8AB6BDA5-C218-4F1C-B87B-6D0655EEC062}.Ad-Hoc|iPhone.Deploy.0 = Debug|Any CPU
		{8AB6BDA5-C218-4F1C-B87B-6D0655EEC062}.Ad-Hoc|iPhoneSimulator.ActiveCfg = Debug|Any CPU
		{8AB6BDA5-C218-4F1C-B87B-6D0655EEC062}.Ad-Hoc|iPhoneSimulator.Build.0 = Debug|Any CPU
		{8AB6BDA5-C218-4F1C-B87B-6D0655EEC062}.Ad-Hoc|iPhoneSimulator.Deploy.0 = Debug|Any CPU
		{8AB6BDA5-C218-4F1C-B87B-6D0655EEC062}.AppStore|Any CPU.ActiveCfg = Debug|Any CPU
		{8AB6BDA5-C218-4F1C-B87B-6D0655EEC062}.AppStore|Any CPU.Build.0 = Debug|Any CPU
		{8AB6BDA5-C218-4F1C-B87B-6D0655EEC062}.AppStore|Any CPU.Deploy.0 = Debug|Any CPU
		{8AB6BDA5-C218-4F1C-B87B-6D0655EEC062}.AppStore|iPhone.ActiveCfg = Debug|Any CPU
		{8AB6BDA5-C218-4F1C-B87B-6D0655EEC062}.AppStore|iPhone.Build.0 = Debug|Any CPU
		{8AB6BDA5-C218-4F1C-B87B-6D0655EEC062}.AppStore|iPhone.Deploy.0 = Debug|Any CPU
		{8AB6BDA5-C218-4F1C-B87B-6D0655EEC062}.AppStore|iPhoneSimulator.ActiveCfg = Debug|Any CPU
		{8AB6BDA5-C218-4F1C-B87B-6D0655EEC062}.AppStore|iPhoneSimulator.Build.0 = Debug|Any CPU
		{8AB6BDA5-C218-4F1C-B87B-6D0655EEC062}.AppStore|iPhoneSimulator.Deploy.0 = Debug|Any CPU
		{8AB6BDA5-C218-4F1C-B87B-6D0655EEC062}.Debug|Any CPU.ActiveCfg = Debug|Any CPU
		{8AB6BDA5-C218-4F1C-B87B-6D0655EEC062}.Debug|Any CPU.Build.0 = Debug|Any CPU
		{8AB6BDA5-C218-4F1C-B87B-6D0655EEC062}.Debug|Any CPU.Deploy.0 = Debug|Any CPU
		{8AB6BDA5-C218-4F1C-B87B-6D0655EEC062}.Debug|iPhone.ActiveCfg = Debug|Any CPU
		{8AB6BDA5-C218-4F1C-B87B-6D0655EEC062}.Debug|iPhone.Build.0 = Debug|Any CPU
		{8AB6BDA5-C218-4F1C-B87B-6D0655EEC062}.Debug|iPhone.Deploy.0 = Debug|Any CPU
		{8AB6BDA5-C218-4F1C-B87B-6D0655EEC062}.Debug|iPhoneSimulator.ActiveCfg = Debug|Any CPU
		{8AB6BDA5-C218-4F1C-B87B-6D0655EEC062}.Debug|iPhoneSimulator.Build.0 = Debug|Any CPU
		{8AB6BDA5-C218-4F1C-B87B-6D0655EEC062}.Debug|iPhoneSimulator.Deploy.0 = Debug|Any CPU
		{8AB6BDA5-C218-4F1C-B87B-6D0655EEC062}.Release|Any CPU.ActiveCfg = Release|Any CPU
		{8AB6BDA5-C218-4F1C-B87B-6D0655EEC062}.Release|Any CPU.Build.0 = Release|Any CPU
		{8AB6BDA5-C218-4F1C-B87B-6D0655EEC062}.Release|Any CPU.Deploy.0 = Release|Any CPU
		{8AB6BDA5-C218-4F1C-B87B-6D0655EEC062}.Release|iPhone.ActiveCfg = Release|Any CPU
		{8AB6BDA5-C218-4F1C-B87B-6D0655EEC062}.Release|iPhone.Build.0 = Release|Any CPU
		{8AB6BDA5-C218-4F1C-B87B-6D0655EEC062}.Release|iPhone.Deploy.0 = Release|Any CPU
		{8AB6BDA5-C218-4F1C-B87B-6D0655EEC062}.Release|iPhoneSimulator.ActiveCfg = Release|Any CPU
		{8AB6BDA5-C218-4F1C-B87B-6D0655EEC062}.Release|iPhoneSimulator.Build.0 = Release|Any CPU
		{8AB6BDA5-C218-4F1C-B87B-6D0655EEC062}.Release|iPhoneSimulator.Deploy.0 = Release|Any CPU
	EndGlobalSection
	GlobalSection(SolutionProperties) = preSolution
		HideSolutionNode = FALSE
	EndGlobalSection
	GlobalSection(ExtensibilityGlobals) = postSolution
		SolutionGuid = {61533E10-097F-4456-8552-71717D563EC8}
	EndGlobalSection
EndGlobal
